
Microsoft Visual Studio Solution File, Format Version 12.00
# Visual Studio Version 16
VisualStudioVersion = 16.0.33328.57
MinimumVisualStudioVersion = 10.0.40219.1
Project("{FAE04EC0-301F-11D3-BF4B-00C04F79EFBC}") = "WorkshopList", "WorkshopList.csproj", "{209D0F2B-60DF-4BE5-9176-22344916BF8E}"
EndProject
Global
	GlobalSection(SolutionConfigurationPlatforms) = preSolution
		Debug|Any CPU = Debug|Any CPU
		Release|Any CPU = Release|Any CPU
	EndGlobalSection
	GlobalSection(ProjectConfigurationPlatforms) = postSolution
		{209D0F2B-60DF-4BE5-9176-22344916BF8E}.Debug|Any CPU.ActiveCfg = Debug|Any CPU
		{209D0F2B-60DF-4BE5-9176-22344916BF8E}.Debug|Any CPU.Build.0 = Debug|Any CPU
		{209D0F2B-60DF-4BE5-9176-22344916BF8E}.Release|Any CPU.ActiveCfg = Release|Any CPU
		{209D0F2B-60DF-4BE5-9176-22344916BF8E}.Release|Any CPU.Build.0 = Release|Any CPU
	EndGlobalSection
	GlobalSection(SolutionProperties) = preSolution
		HideSolutionNode = FALSE
	EndGlobalSection
	GlobalSection(ExtensibilityGlobals) = postSolution
		SolutionGuid = {B6196F19-746E-49AF-A971-8B2226E60D0F}
	EndGlobalSection
EndGlobal
